Microsoft Visual Studio Solution File, Format Version 12.00
# Visual Studio Version 17
VisualStudioVersion = 17.5.2.0
MinimumVisualStudioVersion = 10.0.40219.1
Project("{FAE04EC0-301F-11D3-BF4B-00C04F79EFBC}") = "PaddleOCRSDK", "PaddleOCRSDK.csproj", "{910CB017-D820-7378-026C-73A3AD855736}"
EndProject
Global
	GlobalSection(SolutionConfigurationPlatforms) = preSolution
		Debug|Any CPU = Debug|Any CPU
		Release|Any CPU = Release|Any CPU
	EndGlobalSection
	GlobalSection(ProjectConfigurationPlatforms) = postSolution
		{910CB017-D820-7378-026C-73A3AD855736}.Debug|Any CPU.ActiveCfg = Debug|Any CPU
		{910CB017-D820-7378-026C-73A3AD855736}.Debug|Any CPU.Build.0 = Debug|Any CPU
		{910CB017-D820-7378-026C-73A3AD855736}.Release|Any CPU.ActiveCfg = Release|Any CPU
		{910CB017-D820-7378-026C-73A3AD855736}.Release|Any CPU.Build.0 = Release|Any CPU
	EndGlobalSection
	GlobalSection(SolutionProperties) = preSolution
		HideSolutionNode = FALSE
	EndGlobalSection
	GlobalSection(ExtensibilityGlobals) = postSolution
		SolutionGuid = {03CB4854-F4D0-42B9-830D-06A401CB78CF}
	EndGlobalSection
EndGlobal
